
Microsoft Visual Studio Solution File, Format Version 12.00
# Visual Studio Version 17
VisualStudioVersion = 17.0.32014.148
MinimumVisualStudioVersion = 10.0.40219.1
Project("{FAE04EC0-301F-11D3-BF4B-00C04F79EFBC}") = "ProductFactory", "ProductFactory\ProductFactory.csproj", "{3335BD5B-C21B-4521-9094-C3EBF2CF6E7F}"
EndProject
Global
	GlobalSection(SolutionConfigurationPlatforms) = preSolution
		Debug|Any CPU = Debug|Any CPU
		Release|Any CPU = Release|Any CPU
	EndGlobalSection
	GlobalSection(ProjectConfigurationPlatforms) = postSolution
		{3335BD5B-C21B-4521-9094-C3EBF2CF6E7F}.Debug|Any CPU.ActiveCfg = Debug|Any CPU
		{3335BD5B-C21B-4521-9094-C3EBF2CF6E7F}.Debug|Any CPU.Build.0 = Debug|Any CPU
		{3335BD5B-C21B-4521-9094-C3EBF2CF6E7F}.Release|Any CPU.ActiveCfg = Release|Any CPU
		{3335BD5B-C21B-4521-9094-C3EBF2CF6E7F}.Release|Any CPU.Build.0 = Release|Any CPU
	EndGlobalSection
	GlobalSection(SolutionProperties) = preSolution
		HideSolutionNode = FALSE
	EndGlobalSection
	GlobalSection(ExtensibilityGlobals) = postSolution
		SolutionGuid = {CF1D8CC5-D3EF-4859-890A-DFDD81CA8098}
	EndGlobalSection
EndGlobal
